
Microsoft Visual Studio Solution File, Format Version 12.00
# Visual Studio 14
VisualStudioVersion = 14.0.25123.0
MinimumVisualStudioVersion = 10.0.40219.1
Project("{FAE04EC0-301F-11D3-BF4B-00C04F79EFBC}") = "test2Portfolio", "test2Portfolio\test2Portfolio.csproj", "{1F14CDEF-40E8-4D39-A797-93EC2D3A9BFF}"
EndProject
Project("{FAE04EC0-301F-11D3-BF4B-00C04F79EFBC}") = "ConsoleApplication1", "ConsoleApplication1\ConsoleApplication1.csproj", "{47BCB083-E099-4AEA-AF42-41041972D1F3}"
EndProject
Global
	GlobalSection(SolutionConfigurationPlatforms) = preSolution
		Debug|Any CPU = Debug|Any CPU
		Release|Any CPU = Release|Any CPU
	EndGlobalSection
	GlobalSection(ProjectConfigurationPlatforms) = postSolution
		{1F14CDEF-40E8-4D39-A797-93EC2D3A9BFF}.Debug|Any CPU.ActiveCfg = Debug|Any CPU
		{1F14CDEF-40E8-4D39-A797-93EC2D3A9BFF}.Debug|Any CPU.Build.0 = Debug|Any CPU
		{1F14CDEF-40E8-4D39-A797-93EC2D3A9BFF}.Release|Any CPU.ActiveCfg = Release|Any CPU
		{1F14CDEF-40E8-4D39-A797-93EC2D3A9BFF}.Release|Any CPU.Build.0 = Release|Any CPU
		{47BCB083-E099-4AEA-AF42-41041972D1F3}.Debug|Any CPU.ActiveCfg = Debug|Any CPU
		{47BCB083-E099-4AEA-AF42-41041972D1F3}.Debug|Any CPU.Build.0 = Debug|Any CPU
		{47BCB083-E099-4AEA-AF42-41041972D1F3}.Release|Any CPU.ActiveCfg = Release|Any CPU
		{47BCB083-E099-4AEA-AF42-41041972D1F3}.Release|Any CPU.Build.0 = Release|Any CPU
	EndGlobalSection
	GlobalSection(SolutionProperties) = preSolution
		HideSolutionNode = FALSE
	EndGlobalSection
EndGlobal
